
Microsoft Visual Studio Solution File, Format Version 12.00
# Visual Studio Version 17
VisualStudioVersion = 17.2.32616.157
MinimumVisualStudioVersion = 10.0.40219.1
Project("{FAE04EC0-301F-11D3-BF4B-00C04F79EFBC}") = "APIGateway", "APIGateway\APIGateway.csproj", "{C743F21B-F733-4276-8166-28FFA4CA8AF5}"
EndProject
Global
	GlobalSection(SolutionConfigurationPlatforms) = preSolution
		Debug|Any CPU = Debug|Any CPU
		Release|Any CPU = Release|Any CPU
	EndGlobalSection
	GlobalSection(ProjectConfigurationPlatforms) = postSolution
		{C743F21B-F733-4276-8166-28FFA4CA8AF5}.Debug|Any CPU.ActiveCfg = Debug|Any CPU
		{C743F21B-F733-4276-8166-28FFA4CA8AF5}.Debug|Any CPU.Build.0 = Debug|Any CPU
		{C743F21B-F733-4276-8166-28FFA4CA8AF5}.Release|Any CPU.ActiveCfg = Release|Any CPU
		{C743F21B-F733-4276-8166-28FFA4CA8AF5}.Release|Any CPU.Build.0 = Release|Any CPU
	EndGlobalSection
	GlobalSection(SolutionProperties) = preSolution
		HideSolutionNode = FALSE
	EndGlobalSection
	GlobalSection(ExtensibilityGlobals) = postSolution
		SolutionGuid = {C3F621DD-8853-402D-ABB0-94AA78B4EC4B}
	EndGlobalSection
EndGlobal
